// !$*UTF8*$!
{
	archiveVersion = 1;
	classes = {
	};
	objectVersion = 56;
	objects = {

/* Begin PBXBuildFile section */
		4BD5A1C408D887494BC1EFC3 /* Pods_TwitterSampleApp_TwitterSampleAppUITests.framework in Frameworks */ = {isa = PBXBuildFile; fileRef = AAC712B86173304B7E5CCD6F /* Pods_TwitterSampleApp_TwitterSampleAppUITests.framework */; };
		68FEF3B0E4F686566B9EF9B0 /* Pods_TwitterSampleApp.framework in Frameworks */ = {isa = PBXBuildFile; fileRef = 2CF0EA12E6F4C7FBBD700A17 /* Pods_TwitterSampleApp.framework */; };
		E1557E208A6D878BD693BE3D /* Pods_TwitterSampleAppTests.framework in Frameworks */ = {isa = PBXBuildFile; fileRef = AF086FB3172715DF677F3AA9 /* Pods_TwitterSampleAppTests.framework */; };
		F9622C2A2A4F8EAC00600454 /* AppDelegate.swift in Sources */ = {isa = PBXBuildFile; fileRef = F9622C292A4F8EAC00600454 /* AppDelegate.swift */; };
		F9622C2C2A4F8EAC00600454 /* SceneDelegate.swift in Sources */ = {isa = PBXBuildFile; fileRef = F9622C2B2A4F8EAC00600454 /* SceneDelegate.swift */; };
		F9622C2E2A4F8EAC00600454 /* HomeViewController.swift in Sources */ = {isa = PBXBuildFile; fileRef = F9622C2D2A4F8EAC00600454 /* HomeViewController.swift */; };
		F9622C312A4F8EAC00600454 /* Main.storyboard in Resources */ = {isa = PBXBuildFile; fileRef = F9622C2F2A4F8EAC00600454 /* Main.storyboard */; };
		F9622C332A4F8EAD00600454 /* Assets.xcassets in Resources */ = {isa = PBXBuildFile; fileRef = F9622C322A4F8EAD00600454 /* Assets.xcassets */; };
		F9622C412A4F8EAD00600454 /* TwitterSampleAppTests.swift in Sources */ = {isa = PBXBuildFile; fileRef = F9622C402A4F8EAD00600454 /* TwitterSampleAppTests.swift */; };
		F9622C4B2A4F8EAD00600454 /* TwitterSampleAppUITests.swift in Sources */ = {isa = PBXBuildFile; fileRef = F9622C4A2A4F8EAD00600454 /* TwitterSampleAppUITests.swift */; };
		F9622C4D2A4F8EAD00600454 /* TwitterSampleAppUITestsLaunchTests.swift in Sources */ = {isa = PBXBuildFile; fileRef = F9622C4C2A4F8EAD00600454 /* TwitterSampleAppUITestsLaunchTests.swift */; };
		F9622C5C2A5AE96000600454 /* TweetCellModel.swift in Sources */ = {isa = PBXBuildFile; fileRef = F9622C5B2A5AE96000600454 /* TweetCellModel.swift */; };
		F9622C612A61AB7500600454 /* TableViewCell.swift in Sources */ = {isa = PBXBuildFile; fileRef = F9622C5F2A61AB7500600454 /* TableViewCell.swift */; };
		F9622C622A61AB7500600454 /* TableViewCell.xib in Resources */ = {isa = PBXBuildFile; fileRef = F9622C602A61AB7500600454 /* TableViewCell.xib */; };
		F9622C642A62C75B00600454 /* Twittermodel.swift in Sources */ = {isa = PBXBuildFile; fileRef = F9622C632A62C75B00600454 /* Twittermodel.swift */; };
		F9A2C9CB2A6EBEE60067C9E6 /* inputScreenViewController.swift in Sources */ = {isa = PBXBuildFile; fileRef = F9A2C9CA2A6EBEE60067C9E6 /* inputScreenViewController.swift */; };
		F9A2C9CD2A729A9A0067C9E6 /* Post Screen.swift in Sources */ = {isa = PBXBuildFile; fileRef = F9A2C9CC2A729A9A0067C9E6 /* Post Screen.swift */; };
		F9A2C9CF2A729FDE0067C9E6 /* TwitterViewController.swift in Sources */ = {isa = PBXBuildFile; fileRef = F9A2C9CE2A729FDE0067C9E6 /* TwitterViewController.swift */; };
/* End PBXBuildFile section */

/* Begin PBXContainerItemProxy section */
		F9622C3D2A4F8EAD00600454 /* PBXContainerItemProxy */ = {
			isa = PBXContainerItemProxy;
			containerPortal = F9622C1E2A4F8EAC00600454 /* Project object */;
			proxyType = 1;
			remoteGlobalIDString = F9622C252A4F8EAC00600454;
			remoteInfo = TwitterSampleApp;
		};
		F9622C472A4F8EAD00600454 /* PBXContainerItemProxy */ = {
			isa = PBXContainerItemProxy;
			containerPortal = F9622C1E2A4F8EAC00600454 /* Project object */;
			proxyType = 1;
			remoteGlobalIDString = F9622C252A4F8EAC00600454;
			remoteInfo = TwitterSampleApp;
		};
/* End PBXContainerItemProxy section */

/* Begin PBXFileReference section */
		116C5A69899F48BC8504047B /* Pods-TwitterSampleAppTests.debug.xcconfig */ = {isa = PBXFileReference; includeInIndex = 1; lastKnownFileType = text.xcconfig; name = "Pods-TwitterSampleAppTests.debug.xcconfig"; path = "Target Support Files/Pods-TwitterSampleAppTests/Pods-TwitterSampleAppTests.debug.xcconfig"; sourceTree = "<group>"; };
		2CF0EA12E6F4C7FBBD700A17 /* Pods_TwitterSampleApp.framework */ = {isa = PBXFileReference; explicitFileType = wrapper.framework; includeInIndex = 0; path = Pods_TwitterSampleApp.framework; sourceTree = BUILT_PRODUCTS_DIR; };
		314E577D5BABDC7885BA107F /* Pods-TwitterSampleApp.debug.xcconfig */ = {isa = PBXFileReference; includeInIndex = 1; lastKnownFileType = text.xcconfig; name = "Pods-TwitterSampleApp.debug.xcconfig"; path = "Target Support Files/Pods-TwitterSampleApp/Pods-TwitterSampleApp.debug.xcconfig"; sourceTree = "<group>"; };
		812E916E6FF4C59F9747AE69 /* Pods-TwitterSampleApp.release.xcconfig */ = {isa = PBXFileReference; includeInIndex = 1; lastKnownFileType = text.xcconfig; name = "Pods-TwitterSampleApp.release.xcconfig"; path = "Target Support Files/Pods-TwitterSampleApp/Pods-TwitterSampleApp.release.xcconfig"; sourceTree = "<group>"; };
		8983196A5B0FFF24A2E3BC1B /* Pods-TwitterSampleApp-TwitterSampleAppUITests.debug.xcconfig */ = {isa = PBXFileReference; includeInIndex = 1; lastKnownFileType = text.xcconfig; name = "Pods-TwitterSampleApp-TwitterSampleAppUITests.debug.xcconfig"; path = "Target Support Files/Pods-TwitterSampleApp-TwitterSampleAppUITests/Pods-TwitterSampleApp-TwitterSampleAppUITests.debug.xcconfig"; sourceTree = "<group>"; };
		AAC712B86173304B7E5CCD6F /* Pods_TwitterSampleApp_TwitterSampleAppUITests.framework */ = {isa = PBXFileReference; explicitFileType = wrapper.framework; includeInIndex = 0; path = Pods_TwitterSampleApp_TwitterSampleAppUITests.framework; sourceTree = BUILT_PRODUCTS_DIR; };
		AF086FB3172715DF677F3AA9 /* Pods_TwitterSampleAppTests.framework */ = {isa = PBXFileReference; explicitFileType = wrapper.framework; includeInIndex = 0; path = Pods_TwitterSampleAppTests.framework; sourceTree = BUILT_PRODUCTS_DIR; };
		D21D5CDE7AAC981F36F63977 /* Pods-TwitterSampleApp-TwitterSampleAppUITests.release.xcconfig */ = {isa = PBXFileReference; includeInIndex = 1; lastKnownFileType = text.xcconfig; name = "Pods-TwitterSampleApp-TwitterSampleAppUITests.release.xcconfig"; path = "Target Support Files/Pods-TwitterSampleApp-TwitterSampleAppUITests/Pods-TwitterSampleApp-TwitterSampleAppUITests.release.xcconfig"; sourceTree = "<group>"; };
		D6D28721F6C37E74BAA0470F /* Pods-TwitterSampleAppTests.release.xcconfig */ = {isa = PBXFileReference; includeInIndex = 1; lastKnownFileType = text.xcconfig; name = "Pods-TwitterSampleAppTests.release.xcconfig"; path = "Target Support Files/Pods-TwitterSampleAppTests/Pods-TwitterSampleAppTests.release.xcconfig"; sourceTree = "<group>"; };
		F9622C262A4F8EAC00600454 /* TwitterSampleApp.app */ = {isa = PBXFileReference; explicitFileType = wrapper.application; includeInIndex = 0; path = TwitterSampleApp.app; sourceTree = BUILT_PRODUCTS_DIR; };
		F9622C292A4F8EAC00600454 /* AppDelegate.swift */ = {isa = PBXFileReference; lastKnownFileType = sourcecode.swift; path = AppDelegate.swift; sourceTree = "<group>"; };
		F9622C2B2A4F8EAC00600454 /* SceneDelegate.swift */ = {isa = PBXFileReference; lastKnownFileType = sourcecode.swift; path = SceneDelegate.swift; sourceTree = "<group>"; };
		F9622C2D2A4F8EAC00600454 /* HomeViewController.swift */ = {isa = PBXFileReference; lastKnownFileType = sourcecode.swift; path = HomeViewController.swift; sourceTree = "<group>"; };
		F9622C302A4F8EAC00600454 /* Base */ = {isa = PBXFileReference; lastKnownFileType = file.storyboard; name = Base; path = Base.lproj/Main.storyboard; sourceTree = "<group>"; };
		F9622C322A4F8EAD00600454 /* Assets.xcassets */ = {isa = PBXFileReference; lastKnownFileType = folder.assetcatalog; path = Assets.xcassets; sourceTree = "<group>"; };
		F9622C372A4F8EAD00600454 /* Info.plist */ = {isa = PBXFileReference; lastKnownFileType = text.plist.xml; path = Info.plist; sourceTree = "<group>"; };
		F9622C3C2A4F8EAD00600454 /* TwitterSampleAppTests.xctest */ = {isa = PBXFileReference; explicitFileType = wrapper.cfbundle; includeInIndex = 0; path = TwitterSampleAppTests.xctest; sourceTree = BUILT_PRODUCTS_DIR; };
		F9622C402A4F8EAD00600454 /* TwitterSampleAppTests.swift */ = {isa = PBXFileReference; lastKnownFileType = sourcecode.swift; path = TwitterSampleAppTests.swift; sourceTree = "<group>"; };
		F9622C462A4F8EAD00600454 /* TwitterSampleAppUITests.xctest */ = {isa = PBXFileReference; explicitFileType = wrapper.cfbundle; includeInIndex = 0; path = TwitterSampleAppUITests.xctest; sourceTree = BUILT_PRODUCTS_DIR; };
		F9622C4A2A4F8EAD00600454 /* TwitterSampleAppUITests.swift */ = {isa = PBXFileReference; lastKnownFileType = sourcecode.swift; path = TwitterSampleAppUITests.swift; sourceTree = "<group>"; };
		F9622C4C2A4F8EAD00600454 /* TwitterSampleAppUITestsLaunchTests.swift */ = {isa = PBXFileReference; lastKnownFileType = sourcecode.swift; path = TwitterSampleAppUITestsLaunchTests.swift; sourceTree = "<group>"; };
		F9622C5B2A5AE96000600454 /* TweetCellModel.swift */ = {isa = PBXFileReference; lastKnownFileType = sourcecode.swift; path = TweetCellModel.swift; sourceTree = "<group>"; };
		F9622C5F2A61AB7500600454 /* TableViewCell.swift */ = {isa = PBXFileReference; lastKnownFileType = sourcecode.swift; path = TableViewCell.swift; sourceTree = "<group>"; };
		F9622C602A61AB7500600454 /* TableViewCell.xib */ = {isa = PBXFileReference; lastKnownFileType = file.xib; path = TableViewCell.xib; sourceTree = "<group>"; };
		F9622C632A62C75B00600454 /* Twittermodel.swift */ = {isa = PBXFileReference; lastKnownFileType = sourcecode.swift; path = Twittermodel.swift; sourceTree = "<group>"; };
		F9A2C9CA2A6EBEE60067C9E6 /* inputScreenViewController.swift */ = {isa = PBXFileReference; lastKnownFileType = sourcecode.swift; path = inputScreenViewController.swift; sourceTree = "<group>"; };
		F9A2C9CC2A729A9A0067C9E6 /* Post Screen.swift */ = {isa = PBXFileReference; lastKnownFileType = sourcecode.swift; path = "Post Screen.swift"; sourceTree = "<group>"; };
		F9A2C9CE2A729FDE0067C9E6 /* TwitterViewController.swift */ = {isa = PBXFileReference; lastKnownFileType = sourcecode.swift; path = TwitterViewController.swift; sourceTree = "<group>"; };
/* End PBXFileReference section */

/* Begin PBXFrameworksBuildPhase section */
		F9622C232A4F8EAC00600454 /* Frameworks */ = {
			isa = PBXFrameworksBuildPhase;
			buildActionMask = 2147483647;
			files = (
				68FEF3B0E4F686566B9EF9B0 /* Pods_TwitterSampleApp.framework in Frameworks */,
			);
			runOnlyForDeploymentPostprocessing = 0;
		};
		F9622C392A4F8EAD00600454 /* Frameworks */ = {
			isa = PBXFrameworksBuildPhase;
			buildActionMask = 2147483647;
			files = (
				E1557E208A6D878BD693BE3D /* Pods_TwitterSampleAppTests.framework in Frameworks */,
			);
			runOnlyForDeploymentPostprocessing = 0;
		};
		F9622C432A4F8EAD00600454 /* Frameworks */ = {
			isa = PBXFrameworksBuildPhase;
			buildActionMask = 2147483647;
			files = (
				4BD5A1C408D887494BC1EFC3 /* Pods_TwitterSampleApp_TwitterSampleAppUITests.framework in Frameworks */,
			);
			runOnlyForDeploymentPostprocessing = 0;
		};
/* End PBXFrameworksBuildPhase section */

/* Begin PBXGroup section */
		531024D36F73F53F3B51D2E4 /* Pods */ = {
			isa = PBXGroup;
			children = (
				314E577D5BABDC7885BA107F /* Pods-TwitterSampleApp.debug.xcconfig */,
				812E916E6FF4C59F9747AE69 /* Pods-TwitterSampleApp.release.xcconfig */,
				8983196A5B0FFF24A2E3BC1B /* Pods-TwitterSampleApp-TwitterSampleAppUITests.debug.xcconfig */,
				D21D5CDE7AAC981F36F63977 /* Pods-TwitterSampleApp-TwitterSampleAppUITests.release.xcconfig */,
				116C5A69899F48BC8504047B /* Pods-TwitterSampleAppTests.debug.xcconfig */,
				D6D28721F6C37E74BAA0470F /* Pods-TwitterSampleAppTests.release.xcconfig */,
			);
			name = Pods;
			path = Pods;
			sourceTree = "<group>";
		};
		5F4FDC2C447B8BC137E9D092 /* Frameworks */ = {
			isa = PBXGroup;
			children = (
				2CF0EA12E6F4C7FBBD700A17 /* Pods_TwitterSampleApp.framework */,
				AAC712B86173304B7E5CCD6F /* Pods_TwitterSampleApp_TwitterSampleAppUITests.framework */,
				AF086FB3172715DF677F3AA9 /* Pods_TwitterSampleAppTests.framework */,
			);
			name = Frameworks;
			sourceTree = "<group>";
		};
		F9622C1D2A4F8EAC00600454 = {
			isa = PBXGroup;
			children = (
				F9A2C9CA2A6EBEE60067C9E6 /* inputScreenViewController.swift */,
				F9622C282A4F8EAC00600454 /* TwitterSampleApp */,
				F9622C3F2A4F8EAD00600454 /* TwitterSampleAppTests */,
				F9622C492A4F8EAD00600454 /* TwitterSampleAppUITests */,
				F9622C272A4F8EAC00600454 /* Products */,
				531024D36F73F53F3B51D2E4 /* Pods */,
				5F4FDC2C447B8BC137E9D092 /* Frameworks */,
			);
			sourceTree = "<group>";
		};
		F9622C272A4F8EAC00600454 /* Products */ = {
			isa = PBXGroup;
			children = (
				F9622C262A4F8EAC00600454 /* TwitterSampleApp.app */,
				F9622C3C2A4F8EAD00600454 /* TwitterSampleAppTests.xctest */,
				F9622C462A4F8EAD00600454 /* TwitterSampleAppUITests.xctest */,
			);
			name = Products;
			sourceTree = "<group>";
		};
		F9622C282A4F8EAC00600454 /* TwitterSampleApp */ = {
			isa = PBXGroup;
			children = (
				F9A2C9CC2A729A9A0067C9E6 /* Post Screen.swift */,
				F9622C292A4F8EAC00600454 /* AppDelegate.swift */,
				F9622C2B2A4F8EAC00600454 /* SceneDelegate.swift */,
				F9622C2D2A4F8EAC00600454 /* HomeViewController.swift */,
				F9622C5B2A5AE96000600454 /* TweetCellModel.swift */,
				F9622C2F2A4F8EAC00600454 /* Main.storyboard */,
				F9622C322A4F8EAD00600454 /* Assets.xcassets */,
				F9622C372A4F8EAD00600454 /* Info.plist */,
				F9622C5F2A61AB7500600454 /* TableViewCell.swift */,
				F9622C602A61AB7500600454 /* TableViewCell.xib */,
				F9622C632A62C75B00600454 /* Twittermodel.swift */,
				F9A2C9CE2A729FDE0067C9E6 /* TwitterViewController.swift */,
			);
			path = TwitterSampleApp;
			sourceTree = "<group>";
		};
		F9622C3F2A4F8EAD00600454 /* TwitterSampleAppTests */ = {
			isa = PBXGroup;
			children = (
				F9622C402A4F8EAD00600454 /* TwitterSampleAppTests.swift */,
			);
			path = TwitterSampleAppTests;
			sourceTree = "<group>";
		};
		F9622C492A4F8EAD00600454 /* TwitterSampleAppUITests */ = {
			isa = PBXGroup;
			children = (
				F9622C4A2A4F8EAD00600454 /* TwitterSampleAppUITests.swift */,
				F9622C4C2A4F8EAD00600454 /* TwitterSampleAppUITestsLaunchTests.swift */,
			);
			path = TwitterSampleAppUITests;
			sourceTree = "<group>";
		};
/* End PBXGroup section */

/* Begin PBXNativeTarget section */
		F9622C252A4F8EAC00600454 /* TwitterSampleApp */ = {
			isa = PBXNativeTarget;
			buildConfigurationList = F9622C502A4F8EAD00600454 /* Build configuration list for PBXNativeTarget "TwitterSampleApp" */;
			buildPhases = (
				C54D94EBF2B030662C6B2580 /* [CP] Check Pods Manifest.lock */,
				F9622C222A4F8EAC00600454 /* Sources */,
				F9622C232A4F8EAC00600454 /* Frameworks */,
				F9622C242A4F8EAC00600454 /* Resources */,
				3553A2868A2C387C7E1C93A9 /* [CP] Embed Pods Frameworks */,
			);
			buildRules = (
			);
			dependencies = (
			);
			name = TwitterSampleApp;
			productName = TwitterSampleApp;
			productReference = F9622C262A4F8EAC00600454 /* TwitterSampleApp.app */;
			productType = "com.apple.product-type.application";
		};
		F9622C3B2A4F8EAD00600454 /* TwitterSampleAppTests */ = {
			isa = PBXNativeTarget;
			buildConfigurationList = F9622C532A4F8EAD00600454 /* Build configuration list for PBXNativeTarget "TwitterSampleAppTests" */;
			buildPhases = (
				F14C26391CAA47AE0A12B8E8 /* [CP] Check Pods Manifest.lock */,
				F9622C382A4F8EAD00600454 /* Sources */,
				F9622C392A4F8EAD00600454 /* Frameworks */,
				F9622C3A2A4F8EAD00600454 /* Resources */,
			);
			buildRules = (
			);
			dependencies = (
				F9622C3E2A4F8EAD00600454 /* PBXTargetDependency */,
			);
			name = TwitterSampleAppTests;
			productName = TwitterSampleAppTests;
			productReference = F9622C3C2A4F8EAD00600454 /* TwitterSampleAppTests.xctest */;
			productType = "com.apple.product-type.bundle.unit-test";
		};
		F9622C452A4F8EAD00600454 /* TwitterSampleAppUITests */ = {
			isa = PBXNativeTarget;
			buildConfigurationList = F9622C562A4F8EAD00600454 /* Build configuration list for PBXNativeTarget "TwitterSampleAppUITests" */;
			buildPhases = (
				791F06474DA4A96B9304445A /* [CP] Check Pods Manifest.lock */,
				F9622C422A4F8EAD00600454 /* Sources */,
				F9622C432A4F8EAD00600454 /* Frameworks */,
				F9622C442A4F8EAD00600454 /* Resources */,
				A98476AA3C571824411C4BD8 /* [CP] Embed Pods Frameworks */,
			);
			buildRules = (
			);
			dependencies = (
				F9622C482A4F8EAD00600454 /* PBXTargetDependency */,
			);
			name = TwitterSampleAppUITests;
			productName = TwitterSampleAppUITests;
			productReference = F9622C462A4F8EAD00600454 /* TwitterSampleAppUITests.xctest */;
			productType = "com.apple.product-type.bundle.ui-testing";
		};
/* End PBXNativeTarget section */

/* Begin PBXProject section */
		F9622C1E2A4F8EAC00600454 /* Project object */ = {
			isa = PBXProject;
			attributes = {
				BuildIndependentTargetsInParallel = 1;
				LastSwiftUpdateCheck = 1420;
				LastUpgradeCheck = 1420;
				TargetAttributes = {
					F9622C252A4F8EAC00600454 = {
						CreatedOnToolsVersion = 14.2;
					};
					F9622C3B2A4F8EAD00600454 = {
						CreatedOnToolsVersion = 14.2;
						TestTargetID = F9622C252A4F8EAC00600454;
					};
					F9622C452A4F8EAD00600454 = {
						CreatedOnToolsVersion = 14.2;
						TestTargetID = F9622C252A4F8EAC00600454;
					};
				};
			};
			buildConfigurationList = F9622C212A4F8EAC00600454 /* Build configuration list for PBXProject "TwitterSampleApp" */;
			compatibilityVersion = "Xcode 14.0";
			developmentRegion = en;
			hasScannedForEncodings = 0;
			knownRegions = (
				en,
				Base,
			);
			mainGroup = F9622C1D2A4F8EAC00600454;
			productRefGroup = F9622C272A4F8EAC00600454 /* Products */;
			projectDirPath = "";
			projectRoot = "";
			targets = (
				F9622C252A4F8EAC00600454 /* TwitterSampleApp */,
				F9622C3B2A4F8EAD00600454 /* TwitterSampleAppTests */,
				F9622C452A4F8EAD00600454 /* TwitterSampleAppUITests */,
			);
		};
/* End PBXProject section */

/* Begin PBXResourcesBuildPhase section */
		F9622C242A4F8EAC00600454 /* Resources */ = {
			isa = PBXResourcesBuildPhase;
			buildActionMask = 2147483647;
			files = (
				F9622C622A61AB7500600454 /* TableViewCell.xib in Resources */,
				F9622C332A4F8EAD00600454 /* Assets.xcassets in Resources */,
				F9622C312A4F8EAC00600454 /* Main.storyboard in Resources */,
			);
			runOnlyForDeploymentPostprocessing = 0;
		};
		F9622C3A2A4F8EAD00600454 /* Resources */ = {
			isa = PBXResourcesBuildPhase;
			buildActionMask = 2147483647;
			files = (
			);
			runOnlyForDeploymentPostprocessing = 0;
		};
		F9622C442A4F8EAD00600454 /* Resources */ = {
			isa = PBXResourcesBuildPhase;
			buildActionMask = 2147483647;
			files = (
			);
			runOnlyForDeploymentPostprocessing = 0;
		};
/* End PBXResourcesBuildPhase section */

/* Begin PBXShellScriptBuildPhase section */
		3553A2868A2C387C7E1C93A9 /* [CP] Embed Pods Frameworks */ = {
			isa = PBXShellScriptBuildPhase;
			buildActionMask = 2147483647;
			files = (
			);
			inputFileListPaths = (
				"${PODS_ROOT}/Target Support Files/Pods-TwitterSampleApp/Pods-TwitterSampleApp-frameworks-${CONFIGURATION}-input-files.xcfilelist",
			);
			name = "[CP] Embed Pods Frameworks";
			outputFileListPaths = (
				"${PODS_ROOT}/Target Support Files/Pods-TwitterSampleApp/Pods-TwitterSampleApp-frameworks-${CONFIGURATION}-output-files.xcfilelist",
			);
			runOnlyForDeploymentPostprocessing = 0;
			shellPath = /bin/sh;
			shellScript = "\"${PODS_ROOT}/Target Support Files/Pods-TwitterSampleApp/Pods-TwitterSampleApp-frameworks.sh\"\n";
			showEnvVarsInLog = 0;
		};
		791F06474DA4A96B9304445A /* [CP] Check Pods Manifest.lock */ = {
			isa = PBXShellScriptBuildPhase;
			buildActionMask = 2147483647;
			files = (
			);
			inputFileListPaths = (
			);
			inputPaths = (
				"${PODS_PODFILE_DIR_PATH}/Podfile.lock",
				"${PODS_ROOT}/Manifest.lock",
			);
			name = "[CP] Check Pods Manifest.lock";
			outputFileListPaths = (
			);
			outputPaths = (
				"$(DERIVED_FILE_DIR)/Pods-TwitterSampleApp-TwitterSampleAppUITests-checkManifestLockResult.txt",
			);
			runOnlyForDeploymentPostprocessing = 0;
			shellPath = /bin/sh;
			shellScript = "diff \"${PODS_PODFILE_DIR_PATH}/Podfile.lock\" \"${PODS_ROOT}/Manifest.lock\" > /dev/null\nif [ $? != 0 ] ; then\n    # print error to STDERR\n    echo \"error: The sandbox is not in sync with the Podfile.lock. Run 'pod install' or update your CocoaPods installation.\" >&2\n    exit 1\nfi\n# This output is used by Xcode 'outputs' to avoid re-running this script phase.\necho \"SUCCESS\" > \"${SCRIPT_OUTPUT_FILE_0}\"\n";
			showEnvVarsInLog = 0;
		};
		A98476AA3C571824411C4BD8 /* [CP] Embed Pods Frameworks */ = {
			isa = PBXShellScriptBuildPhase;
			buildActionMask = 2147483647;
			files = (
			);
			inputFileListPaths = (
				"${PODS_ROOT}/Target Support Files/Pods-TwitterSampleApp-TwitterSampleAppUITests/Pods-TwitterSampleApp-TwitterSampleAppUITests-frameworks-${CONFIGURATION}-input-files.xcfilelist",
			);
			name = "[CP] Embed Pods Frameworks";
			outputFileListPaths = (
				"${PODS_ROOT}/Target Support Files/Pods-TwitterSampleApp-TwitterSampleAppUITests/Pods-TwitterSampleApp-TwitterSampleAppUITests-frameworks-${CONFIGURATION}-output-files.xcfilelist",
			);
			runOnlyForDeploymentPostprocessing = 0;
			shellPath = /bin/sh;
			shellScript = "\"${PODS_ROOT}/Target Support Files/Pods-TwitterSampleApp-TwitterSampleAppUITests/Pods-TwitterSampleApp-TwitterSampleAppUITests-frameworks.sh\"\n";
			showEnvVarsInLog = 0;
		};
		C54D94EBF2B030662C6B2580 /* [CP] Check Pods Manifest.lock */ = {
			isa = PBXShellScriptBuildPhase;
			buildActionMask = 2147483647;
			files = (
			);
			inputFileListPaths = (
			);
			inputPaths = (
				"${PODS_PODFILE_DIR_PATH}/Podfile.lock",
				"${PODS_ROOT}/Manifest.lock",
			);
			name = "[CP] Check Pods Manifest.lock";
			outputFileListPaths = (
			);
			outputPaths = (
				"$(DERIVED_FILE_DIR)/Pods-TwitterSampleApp-checkManifestLockResult.txt",
			);
			runOnlyForDeploymentPostprocessing = 0;
			shellPath = /bin/sh;
			shellScript = "diff \"${PODS_PODFILE_DIR_PATH}/Podfile.lock\" \"${PODS_ROOT}/Manifest.lock\" > /dev/null\nif [ $? != 0 ] ; then\n    # print error to STDERR\n    echo \"error: The sandbox is not in sync with the Podfile.lock. Run 'pod install' or update your CocoaPods installation.\" >&2\n    exit 1\nfi\n# This output is used by Xcode 'outputs' to avoid re-running this script phase.\necho \"SUCCESS\" > \"${SCRIPT_OUTPUT_FILE_0}\"\n";
			showEnvVarsInLog = 0;
		};
		F14C26391CAA47AE0A12B8E8 /* [CP] Check Pods Manifest.lock */ = {
			isa = PBXShellScriptBuildPhase;
			buildActionMask = 2147483647;
			files = (
			);
			inputFileListPaths = (
			);
			inputPaths = (
				"${PODS_PODFILE_DIR_PATH}/Podfile.lock",
				"${PODS_ROOT}/Manifest.lock",
			);
			name = "[CP] Check Pods Manifest.lock";
			outputFileListPaths = (
			);
			outputPaths = (
				"$(DERIVED_FILE_DIR)/Pods-TwitterSampleAppTests-checkManifestLockResult.txt",
			);
			runOnlyForDeploymentPostprocessing = 0;
			shellPath = /bin/sh;
			shellScript = "diff \"${PODS_PODFILE_DIR_PATH}/Podfile.lock\" \"${PODS_ROOT}/Manifest.lock\" > /dev/null\nif [ $? != 0 ] ; then\n    # print error to STDERR\n    echo \"error: The sandbox is not in sync with the Podfile.lock. Run 'pod install' or update your CocoaPods installation.\" >&2\n    exit 1\nfi\n# This output is used by Xcode 'outputs' to avoid re-running this script phase.\necho \"SUCCESS\" > \"${SCRIPT_OUTPUT_FILE_0}\"\n";
			showEnvVarsInLog = 0;
		};
/* End PBXShellScriptBuildPhase section */

/* Begin PBXSourcesBuildPhase section */
		F9622C222A4F8EAC00600454 /* Sources */ = {
			isa = PBXSourcesBuildPhase;
			buildActionMask = 2147483647;
			files = (
				F9622C2E2A4F8EAC00600454 /* HomeViewController.swift in Sources */,
				F9622C5C2A5AE96000600454 /* TweetCellModel.swift in Sources */,
				F9A2C9CD2A729A9A0067C9E6 /* Post Screen.swift in Sources */,
				F9A2C9CF2A729FDE0067C9E6 /* TwitterViewController.swift in Sources */,
				F9A2C9CB2A6EBEE60067C9E6 /* inputScreenViewController.swift in Sources */,
				F9622C2A2A4F8EAC00600454 /* AppDelegate.swift in Sources */,
				F9622C612A61AB7500600454 /* TableViewCell.swift in Sources */,
				F9622C642A62C75B00600454 /* Twittermodel.swift in Sources */,
				F9622C2C2A4F8EAC00600454 /* SceneDelegate.swift in Sources */,
			);
			runOnlyForDeploymentPostprocessing = 0;
		};
		F9622C382A4F8EAD00600454 /* Sources */ = {
			isa = PBXSourcesBuildPhase;
			buildActionMask = 2147483647;
			files = (
				F9622C412A4F8EAD00600454 /* TwitterSampleAppTests.swift in Sources */,
			);
			runOnlyForDeploymentPostprocessing = 0;
		};
		F9622C422A4F8EAD00600454 /* Sources */ = {
			isa = PBXSourcesBuildPhase;
			buildActionMask = 2147483647;
			files = (
				F9622C4D2A4F8EAD00600454 /* TwitterSampleAppUITestsLaunchTests.swift in Sources */,
				F9622C4B2A4F8EAD00600454 /* TwitterSampleAppUITests.swift in Sources */,
			);
			runOnlyForDeploymentPostprocessing = 0;
		};
/* End PBXSourcesBuildPhase section */

/* Begin PBXTargetDependency section */
		F9622C3E2A4F8EAD00600454 /* PBXTargetDependency */ = {
			isa = PBXTargetDependency;
			target = F9622C252A4F8EAC00600454 /* TwitterSampleApp */;
			targetProxy = F9622C3D2A4F8EAD00600454 /* PBXContainerItemProxy */;
		};
		F9622C482A4F8EAD00600454 /* PBXTargetDependency */ = {
			isa = PBXTargetDependency;
			target = F9622C252A4F8EAC00600454 /* TwitterSampleApp */;
			targetProxy = F9622C472A4F8EAD00600454 /* PBXContainerItemProxy */;
		};
/* End PBXTargetDependency section */

/* Begin PBXVariantGroup section */
		F9622C2F2A4F8EAC00600454 /* Main.storyboard */ = {
			isa = PBXVariantGroup;
			children = (
				F9622C302A4F8EAC00600454 /* Base */,
			);
			name = Main.storyboard;
			sourceTree = "<group>";
		};
/* End PBXVariantGroup section */

/* Begin XCBuildConfiguration section */
		F9622C4E2A4F8EAD00600454 /* Debug */ = {
			isa = XCBuildConfiguration;
			buildSettings = {
				ALWAYS_SEARCH_USER_PATHS = NO;
				CLANG_ANALYZER_NONNULL = YES;
				CLANG_ANALYZER_NUMBER_OBJECT_CONVERSION = YES_AGGRESSIVE;
				CLANG_CXX_LANGUAGE_STANDARD = "gnu++20";
				CLANG_ENABLE_MODULES = YES;
				CLANG_ENABLE_OBJC_ARC = YES;
				CLANG_ENABLE_OBJC_WEAK = YES;
				CLANG_WARN_BLOCK_CAPTURE_AUTORELEASING = YES;
				CLANG_WARN_BOOL_CONVERSION = YES;
				CLANG_WARN_COMMA = YES;
				CLANG_WARN_CONSTANT_CONVERSION = YES;
				CLANG_WARN_DEPRECATED_OBJC_IMPLEMENTATIONS = YES;
				CLANG_WARN_DIRECT_OBJC_ISA_USAGE = YES_ERROR;
				CLANG_WARN_DOCUMENTATION_COMMENTS = YES;
				CLANG_WARN_EMPTY_BODY = YES;
				CLANG_WARN_ENUM_CONVERSION = YES;
				CLANG_WARN_INFINITE_RECURSION = YES;
				CLANG_WARN_INT_CONVERSION = YES;
				CLANG_WARN_NON_LITERAL_NULL_CONVERSION = YES;
				CLANG_WARN_OBJC_IMPLICIT_RETAIN_SELF = YES;
				CLANG_WARN_OBJC_LITERAL_CONVERSION = YES;
				CLANG_WARN_OBJC_ROOT_CLASS = YES_ERROR;
				CLANG_WARN_QUOTED_INCLUDE_IN_FRAMEWORK_HEADER = YES;
				CLANG_WARN_RANGE_LOOP_ANALYSIS = YES;
				CLANG_WARN_STRICT_PROTOTYPES = YES;
				CLANG_WARN_SUSPICIOUS_MOVE = YES;
				CLANG_WARN_UNGUARDED_AVAILABILITY = YES_AGGRESSIVE;
				CLANG_WARN_UNREACHABLE_CODE = YES;
				CLANG_WARN__DUPLICATE_METHOD_MATCH = YES;
				COPY_PHASE_STRIP = NO;
				DEBUG_INFORMATION_FORMAT = dwarf;
				ENABLE_STRICT_OBJC_MSGSEND = YES;
				ENABLE_TESTABILITY = YES;
				GCC_C_LANGUAGE_STANDARD = gnu11;
				GCC_DYNAMIC_NO_PIC = NO;
				GCC_NO_COMMON_BLOCKS = YES;
				GCC_OPTIMIZATION_LEVEL = 0;
				GCC_PREPROCESSOR_DEFINITIONS = (
					"DEBUG=1",
					"$(inherited)",
				);
				GCC_WARN_64_TO_32_BIT_CONVERSION = YES;
				GCC_WARN_ABOUT_RETURN_TYPE = YES_ERROR;
				GCC_WARN_UNDECLARED_SELECTOR = YES;
				GCC_WARN_UNINITIALIZED_AUTOS = YES_AGGRESSIVE;
				GCC_WARN_UNUSED_FUNCTION = YES;
				GCC_WARN_UNUSED_VARIABLE = YES;
				IPHONEOS_DEPLOYMENT_TARGET = 16.2;
				MTL_ENABLE_DEBUG_INFO = INCLUDE_SOURCE;
				MTL_FAST_MATH = YES;
				ONLY_ACTIVE_ARCH = YES;
				SDKROOT = iphoneos;
				SWIFT_ACTIVE_COMPILATION_CONDITIONS = DEBUG;
				SWIFT_OPTIMIZATION_LEVEL = "-Onone";
			};
			name = Debug;
		};
		F9622C4F2A4F8EAD00600454 /* Release */ = {
			isa = XCBuildConfiguration;
			buildSettings = {
				ALWAYS_SEARCH_USER_PATHS = NO;
				CLANG_ANALYZER_NONNULL = YES;
				CLANG_ANALYZER_NUMBER_OBJECT_CONVERSION = YES_AGGRESSIVE;
				CLANG_CXX_LANGUAGE_STANDARD = "gnu++20";
				CLANG_ENABLE_MODULES = YES;
				CLANG_ENABLE_OBJC_ARC = YES;
				CLANG_ENABLE_OBJC_WEAK = YES;
				CLANG_WARN_BLOCK_CAPTURE_AUTORELEASING = YES;
				CLANG_WARN_BOOL_CONVERSION = YES;
				CLANG_WARN_COMMA = YES;
				CLANG_WARN_CONSTANT_CONVERSION = YES;
				CLANG_WARN_DEPRECATED_OBJC_IMPLEMENTATIONS = YES;
				CLANG_WARN_DIRECT_OBJC_ISA_USAGE = YES_ERROR;
				CLANG_WARN_DOCUMENTATION_COMMENTS = YES;
				CLANG_WARN_EMPTY_BODY = YES;
				CLANG_WARN_ENUM_CONVERSION = YES;
				CLANG_WARN_INFINITE_RECURSION = YES;
				CLANG_WARN_INT_CONVERSION = YES;
				CLANG_WARN_NON_LITERAL_NULL_CONVERSION = YES;
				CLANG_WARN_OBJC_IMPLICIT_RETAIN_SELF = YES;
				CLANG_WARN_OBJC_LITERAL_CONVERSION = YES;
				CLANG_WARN_OBJC_ROOT_CLASS = YES_ERROR;
				CLANG_WARN_QUOTED_INCLUDE_IN_FRAMEWORK_HEADER = YES;
				CLANG_WARN_RANGE_LOOP_ANALYSIS = YES;
				CLANG_WARN_STRICT_PROTOTYPES = YES;
				CLANG_WARN_SUSPICIOUS_MOVE = YES;
				CLANG_WARN_UNGUARDED_AVAILABILITY = YES_AGGRESSIVE;
				CLANG_WARN_UNREACHABLE_CODE = YES;
				CLANG_WARN__DUPLICATE_METHOD_MATCH = YES;
				COPY_PHASE_STRIP = NO;
				DEBUG_INFORMATION_FORMAT = "dwarf-with-dsym";
				ENABLE_NS_ASSERTIONS = NO;
				ENABLE_STRICT_OBJC_MSGSEND = YES;
				GCC_C_LANGUAGE_STANDARD = gnu11;
				GCC_NO_COMMON_BLOCKS = YES;
				GCC_WARN_64_TO_32_BIT_CONVERSION = YES;
				GCC_WARN_ABOUT_RETURN_TYPE = YES_ERROR;
				GCC_WARN_UNDECLARED_SELECTOR = YES;
				GCC_WARN_UNINITIALIZED_AUTOS = YES_AGGRESSIVE;
				GCC_WARN_UNUSED_FUNCTION = YES;
				GCC_WARN_UNUSED_VARIABLE = YES;
				IPHONEOS_DEPLOYMENT_TARGET = 16.2;
				MTL_ENABLE_DEBUG_INFO = NO;
				MTL_FAST_MATH = YES;
				SDKROOT = iphoneos;
				SWIFT_COMPILATION_MODE = wholemodule;
				SWIFT_OPTIMIZATION_LEVEL = "-O";
				VALIDATE_PRODUCT = YES;
			};
			name = Release;
		};
		F9622C512A4F8EAD00600454 /* Debug */ = {
			isa = XCBuildConfiguration;
			baseConfigurationReference = 314E577D5BABDC7885BA107F /* Pods-TwitterSampleApp.debug.xcconfig */;
			buildSettings = {
				ASSETCATALOG_COMPILER_APPICON_NAME = AppIcon;
				ASSETCATALOG_COMPILER_GLOBAL_ACCENT_COLOR_NAME = AccentColor;
				CODE_SIGN_STYLE = Automatic;
				CURRENT_PROJECT_VERSION = 1;
				DEVELOPMENT_TEAM = HWN9L6H4F8;
				GENERATE_INFOPLIST_FILE = YES;
				INFOPLIST_FILE = TwitterSampleApp/Info.plist;
				INFOPLIST_KEY_UIApplicationSupportsIndirectInputEvents = YES;
				INFOPLIST_KEY_UILaunchStoryboardName = LaunchScreen;
				INFOPLIST_KEY_UIMainStoryboardFile = Main;
				INFOPLIST_KEY_UISupportedInterfaceOrientations_iPad = "UIInterfaceOrientationPortrait UIInterfaceOrientationPortraitUpsideDown UIInterfaceOrientationLandscapeLeft UIInterfaceOrientationLandscapeRight";
				INFOPLIST_KEY_UISupportedInterfaceOrientations_iPhone = "UIInterfaceOrientationPortrait UIInterfaceOrientationLandscapeLeft UIInterfaceOrientationLandscapeRight";
				LD_RUNPATH_SEARCH_PATHS = (
					"$(inherited)",
					"@executable_path/Frameworks",
				);
				MARKETING_VERSION = 1.0;
				PRODUCT_BUNDLE_IDENTIFIER = memo.TwitterSampleApp;
				PRODUCT_NAME = "$(TARGET_NAME)";
				SWIFT_EMIT_LOC_STRINGS = YES;
				SWIFT_VERSION = 5.0;
				TARGETED_DEVICE_FAMILY = "1,2";
			};
			name = Debug;
		};
		F9622C522A4F8EAD00600454 /* Release */ = {
			isa = XCBuildConfiguration;
			baseConfigurationReference = 812E916E6FF4C59F9747AE69 /* Pods-TwitterSampleApp.release.xcconfig */;
			buildSettings = {
				ASSETCATALOG_COMPILER_APPICON_NAME = AppIcon;
				ASSETCATALOG_COMPILER_GLOBAL_ACCENT_COLOR_NAME = AccentColor;
				CODE_SIGN_STYLE = Automatic;
				CURRENT_PROJECT_VERSION = 1;
				DEVELOPMENT_TEAM = HWN9L6H4F8;
				GENERATE_INFOPLIST_FILE = YES;
				INFOPLIST_FILE = TwitterSampleApp/Info.plist;
				INFOPLIST_KEY_UIApplicationSupportsIndirectInputEvents = YES;
				INFOPLIST_KEY_UILaunchStoryboardName = LaunchScreen;
				INFOPLIST_KEY_UIMainStoryboardFile = Main;
				INFOPLIST_KEY_UISupportedInterfaceOrientations_iPad = "UIInterfaceOrientationPortrait UIInterfaceOrientationPortraitUpsideDown UIInterfaceOrientationLandscapeLeft UIInterfaceOrientationLandscapeRight";
				INFOPLIST_KEY_UISupportedInterfaceOrientations_iPhone = "UIInterfaceOrientationPortrait UIInterfaceOrientationLandscapeLeft UIInterfaceOrientationLandscapeRight";
				LD_RUNPATH_SEARCH_PATHS = (
					"$(inherited)",
					"@executable_path/Frameworks",
				);
				MARKETING_VERSION = 1.0;
				PRODUCT_BUNDLE_IDENTIFIER = memo.TwitterSampleApp;
				PRODUCT_NAME = "$(TARGET_NAME)";
				SWIFT_EMIT_LOC_STRINGS = YES;
				SWIFT_VERSION = 5.0;
				TARGETED_DEVICE_FAMILY = "1,2";
			};
			name = Release;
		};
		F9622C542A4F8EAD00600454 /* Debug */ = {
			isa = XCBuildConfiguration;
			baseConfigurationReference = 116C5A69899F48BC8504047B /* Pods-TwitterSampleAppTests.debug.xcconfig */;
			buildSettings = {
				ALWAYS_EMBED_SWIFT_STANDARD_LIBRARIES = YES;
				BUNDLE_LOADER = "$(TEST_HOST)";
				CODE_SIGN_STYLE = Automatic;
				CURRENT_PROJECT_VERSION = 1;
				DEVELOPMENT_TEAM = HWN9L6H4F8;
				GENERATE_INFOPLIST_FILE = YES;
				IPHONEOS_DEPLOYMENT_TARGET = 16.2;
				MARKETING_VERSION = 1.0;
				PRODUCT_BUNDLE_IDENTIFIER = memo.TwitterSampleAppTests;
				PRODUCT_NAME = "$(TARGET_NAME)";
				SWIFT_EMIT_LOC_STRINGS = NO;
				SWIFT_VERSION = 5.0;
				TARGETED_DEVICE_FAMILY = "1,2";
				TEST_HOST = "$(BUILT_PRODUCTS_DIR)/TwitterSampleApp.app/$(BUNDLE_EXECUTABLE_FOLDER_PATH)/TwitterSampleApp";
			};
			name = Debug;
		};
		F9622C552A4F8EAD00600454 /* Release */ = {
			isa = XCBuildConfiguration;
			baseConfigurationReference = D6D28721F6C37E74BAA0470F /* Pods-TwitterSampleAppTests.release.xcconfig */;
			buildSettings = {
				ALWAYS_EMBED_SWIFT_STANDARD_LIBRARIES = YES;
				BUNDLE_LOADER = "$(TEST_HOST)";
				CODE_SIGN_STYLE = Automatic;
				CURRENT_PROJECT_VERSION = 1;
				DEVELOPMENT_TEAM = HWN9L6H4F8;
				GENERATE_INFOPLIST_FILE = YES;
				IPHONEOS_DEPLOYMENT_TARGET = 16.2;
				MARKETING_VERSION = 1.0;
				PRODUCT_BUNDLE_IDENTIFIER = memo.TwitterSampleAppTests;
				PRODUCT_NAME = "$(TARGET_NAME)";
				SWIFT_EMIT_LOC_STRINGS = NO;
				SWIFT_VERSION = 5.0;
				TARGETED_DEVICE_FAMILY = "1,2";
				TEST_HOST = "$(BUILT_PRODUCTS_DIR)/TwitterSampleApp.app/$(BUNDLE_EXECUTABLE_FOLDER_PATH)/TwitterSampleApp";
			};
			name = Release;
		};
		F9622C572A4F8EAD00600454 /* Debug */ = {
			isa = XCBuildConfiguration;
			baseConfigurationReference = 8983196A5B0FFF24A2E3BC1B /* Pods-TwitterSampleApp-TwitterSampleAppUITests.debug.xcconfig */;
			buildSettings = {
				ALWAYS_EMBED_SWIFT_STANDARD_LIBRARIES = YES;
				CODE_SIGN_STYLE = Automatic;
				CURRENT_PROJECT_VERSION = 1;
				DEVELOPMENT_TEAM = HWN9L6H4F8;
				GENERATE_INFOPLIST_FILE = YES;
				MARKETING_VERSION = 1.0;
				PRODUCT_BUNDLE_IDENTIFIER = memo.TwitterSampleAppUITests;
				PRODUCT_NAME = "$(TARGET_NAME)";
				SWIFT_EMIT_LOC_STRINGS = NO;
				SWIFT_VERSION = 5.0;
				TARGETED_DEVICE_FAMILY = "1,2";
				TEST_TARGET_NAME = TwitterSampleApp;
			};
			name = Debug;
		};
		F9622C582A4F8EAD00600454 /* Release */ = {
			isa = XCBuildConfiguration;
			baseConfigurationReference = D21D5CDE7AAC981F36F63977 /* Pods-TwitterSampleApp-TwitterSampleAppUITests.release.xcconfig */;
			buildSettings = {
				ALWAYS_EMBED_SWIFT_STANDARD_LIBRARIES = YES;
				CODE_SIGN_STYLE = Automatic;
				CURRENT_PROJECT_VERSION = 1;
				DEVELOPMENT_TEAM = HWN9L6H4F8;
				GENERATE_INFOPLIST_FILE = YES;
				MARKETING_VERSION = 1.0;
				PRODUCT_BUNDLE_IDENTIFIER = memo.TwitterSampleAppUITests;
				PRODUCT_NAME = "$(TARGET_NAME)";
				SWIFT_EMIT_LOC_STRINGS = NO;
				SWIFT_VERSION = 5.0;
				TARGETED_DEVICE_FAMILY = "1,2";
				TEST_TARGET_NAME = TwitterSampleApp;
			};
			name = Release;
		};
/* End XCBuildConfiguration section */

/* Begin XCConfigurationList section */
		F9622C212A4F8EAC00600454 /* Build configuration list for PBXProject "TwitterSampleApp" */ = {
			isa = XCConfigurationList;
			buildConfigurations = (
				F9622C4E2A4F8EAD00600454 /* Debug */,
				F9622C4F2A4F8EAD00600454 /* Release */,
			);
			defaultConfigurationIsVisible = 0;
			defaultConfigurationName = Release;
		};
		F9622C502A4F8EAD00600454 /* Build configuration list for PBXNativeTarget "TwitterSampleApp" */ = {
			isa = XCConfigurationList;
			buildConfigurations = (
				F9622C512A4F8EAD00600454 /* Debug */,
				F9622C522A4F8EAD00600454 /* Release */,
			);
			defaultConfigurationIsVisible = 0;
			defaultConfigurationName = Release;
		};
		F9622C532A4F8EAD00600454 /* Build configuration list for PBXNativeTarget "TwitterSampleAppTests" */ = {
			isa = XCConfigurationList;
			buildConfigurations = (
				F9622C542A4F8EAD00600454 /* Debug */,
				F9622C552A4F8EAD00600454 /* Release */,
			);
			defaultConfigurationIsVisible = 0;
			defaultConfigurationName = Release;
		};
		F9622C562A4F8EAD00600454 /* Build configuration list for PBXNativeTarget "TwitterSampleAppUITests" */ = {
			isa = XCConfigurationList;
			buildConfigurations = (
				F9622C572A4F8EAD00600454 /* Debug */,
				F9622C582A4F8EAD00600454 /* Release */,
			);
			defaultConfigurationIsVisible = 0;
			defaultConfigurationName = Release;
		};
/* End XCConfigurationList section */
	};
	rootObject = F9622C1E2A4F8EAC00600454 /* Project object */;
}
